// !$*UTF8*$!
{
	archiveVersion = 1;
	classes = {
	};
	objectVersion = 46;
	objects = {

/* Begin PBXBuildFile section */
		2A3F21361DE2D4E500C07740 /* SSNavigator.framework in Frameworks */ = {isa = PBXBuildFile; fileRef = 2A3F212C1DE2D4E500C07740 /* SSNavigator.framework */; };
		2A3F213B1DE2D4E500C07740 /* SSNavigatorTests.m in Sources */ = {isa = PBXBuildFile; fileRef = 2A3F213A1DE2D4E500C07740 /* SSNavigatorTests.m */; };
		2A3F213D1DE2D4E500C07740 /* SSNavigator.h in Headers */ = {isa = PBXBuildFile; fileRef = 2A3F212F1DE2D4E500C07740 /* SSNavigator.h */; settings = {ATTRIBUTES = (Public, ); }; };
		2A3F214B1DE2D8BB00C07740 /* SSUrlCoder.h in Headers */ = {isa = PBXBuildFile; fileRef = 2A3F21491DE2D8BB00C07740 /* SSUrlCoder.h */; };
		2A3F214C1DE2D8BB00C07740 /* SSUrlCoder.m in Sources */ = {isa = PBXBuildFile; fileRef = 2A3F214A1DE2D8BB00C07740 /* SSUrlCoder.m */; };
		2A7EE6731DE2E8BB00F89483 /* NSString+SSUrlCoder.h in Headers */ = {isa = PBXBuildFile; fileRef = 2A7EE6711DE2E8BB00F89483 /* NSString+SSUrlCoder.h */; };
		2A7EE6741DE2E8BB00F89483 /* NSString+SSUrlCoder.m in Sources */ = {isa = PBXBuildFile; fileRef = 2A7EE6721DE2E8BB00F89483 /* NSString+SSUrlCoder.m */; };
		2A7EE6771DE2E8D700F89483 /* NSString+SSUtil.h in Headers */ = {isa = PBXBuildFile; fileRef = 2A7EE6751DE2E8D700F89483 /* NSString+SSUtil.h */; };
		2A7EE6781DE2E8D700F89483 /* NSString+SSUtil.m in Sources */ = {isa = PBXBuildFile; fileRef = 2A7EE6761DE2E8D700F89483 /* NSString+SSUtil.m */; };
		2A7EE6881DE2F5CE00F89483 /* SSNavigator.h in Headers */ = {isa = PBXBuildFile; fileRef = 2A7EE6831DE2F5CE00F89483 /* SSNavigator.h */; };
		2A7EE6891DE2F5CE00F89483 /* SSNavigator.m in Sources */ = {isa = PBXBuildFile; fileRef = 2A7EE6841DE2F5CE00F89483 /* SSNavigator.m */; };
		2A7EE68A1DE2F5CE00F89483 /* SSPage.h in Headers */ = {isa = PBXBuildFile; fileRef = 2A7EE6851DE2F5CE00F89483 /* SSPage.h */; };
		2A7EE68B1DE2F5CF00F89483 /* SSPage.m in Sources */ = {isa = PBXBuildFile; fileRef = 2A7EE6861DE2F5CE00F89483 /* SSPage.m */; };
		2A7EE6941DE2F69C00F89483 /* SSPageAware.h in Headers */ = {isa = PBXBuildFile; fileRef = 2A7EE6921DE2F69C00F89483 /* SSPageAware.h */; };
		2A7EE6951DE2F69C00F89483 /* SSPageLifeCircle.h in Headers */ = {isa = PBXBuildFile; fileRef = 2A7EE6931DE2F69C00F89483 /* SSPageLifeCircle.h */; };
		2A7EE6981DE2FC1700F89483 /* SSLog.h in Headers */ = {isa = PBXBuildFile; fileRef = 2A7EE6961DE2FC1700F89483 /* SSLog.h */; };
		2A7EE6991DE2FC1700F89483 /* SSLog.m in Sources */ = {isa = PBXBuildFile; fileRef = 2A7EE6971DE2FC1700F89483 /* SSLog.m */; };
/* End PBXBuildFile section */

/* Begin PBXContainerItemProxy section */
		2A3F21371DE2D4E500C07740 /* PBXContainerItemProxy */ = {
			isa = PBXContainerItemProxy;
			containerPortal = 2A3F21231DE2D4E500C07740 /* Project object */;
			proxyType = 1;
			remoteGlobalIDString = 2A3F212B1DE2D4E500C07740;
			remoteInfo = SSNavigator;
		};
/* End PBXContainerItemProxy section */

/* Begin PBXFileReference section */
		2A3F212C1DE2D4E500C07740 /* SSNavigator.framework */ = {isa = PBXFileReference; explicitFileType = wrapper.framework; includeInIndex = 0; path = SSNavigator.framework; sourceTree = BUILT_PRODUCTS_DIR; };
		2A3F212F1DE2D4E500C07740 /* SSNavigator.h */ = {isa = PBXFileReference; lastKnownFileType = sourcecode.c.h; path = SSNavigator.h; sourceTree = "<group>"; };
		2A3F21301DE2D4E500C07740 /* Info.plist */ = {isa = PBXFileReference; lastKnownFileType = text.plist.xml; path = Info.plist; sourceTree = "<group>"; };
		2A3F21351DE2D4E500C07740 /* SSNavigatorTests.xctest */ = {isa = PBXFileReference; explicitFileType = wrapper.cfbundle; includeInIndex = 0; path = SSNavigatorTests.xctest; sourceTree = BUILT_PRODUCTS_DIR; };
		2A3F213A1DE2D4E500C07740 /* SSNavigatorTests.m */ = {isa = PBXFileReference; lastKnownFileType = sourcecode.c.objc; path = SSNavigatorTests.m; sourceTree = "<group>"; };
		2A3F213C1DE2D4E500C07740 /* Info.plist */ = {isa = PBXFileReference; lastKnownFileType = text.plist.xml; path = Info.plist; sourceTree = "<group>"; };
		2A3F21491DE2D8BB00C07740 /* SSUrlCoder.h */ = {isa = PBXFileReference; fileEncoding = 4; lastKnownFileType = sourcecode.c.h; path = SSUrlCoder.h; sourceTree = "<group>"; };
		2A3F214A1DE2D8BB00C07740 /* SSUrlCoder.m */ = {isa = PBXFileReference; fileEncoding = 4; lastKnownFileType = sourcecode.c.objc; path = SSUrlCoder.m; sourceTree = "<group>"; };
		2A7EE6711DE2E8BB00F89483 /* NSString+SSUrlCoder.h */ = {isa = PBXFileReference; fileEncoding = 4; lastKnownFileType = sourcecode.c.h; path = "NSString+SSUrlCoder.h"; sourceTree = "<group>"; };
		2A7EE6721DE2E8BB00F89483 /* NSString+SSUrlCoder.m */ = {isa = PBXFileReference; fileEncoding = 4; lastKnownFileType = sourcecode.c.objc; path = "NSString+SSUrlCoder.m"; sourceTree = "<group>"; };
		2A7EE6751DE2E8D700F89483 /* NSString+SSUtil.h */ = {isa = PBXFileReference; fileEncoding = 4; lastKnownFileType = sourcecode.c.h; path = "NSString+SSUtil.h"; sourceTree = "<group>"; };
		2A7EE6761DE2E8D700F89483 /* NSString+SSUtil.m */ = {isa = PBXFileReference; fileEncoding = 4; lastKnownFileType = sourcecode.c.objc; path = "NSString+SSUtil.m"; sourceTree = "<group>"; };
		2A7EE6831DE2F5CE00F89483 /* SSNavigator.h */ = {isa = PBXFileReference; fileEncoding = 4; lastKnownFileType = sourcecode.c.h; path = SSNavigator.h; sourceTree = "<group>"; };
		2A7EE6841DE2F5CE00F89483 /* SSNavigator.m */ = {isa = PBXFileReference; fileEncoding = 4; lastKnownFileType = sourcecode.c.objc; path = SSNavigator.m; sourceTree = "<group>"; };
		2A7EE6851DE2F5CE00F89483 /* SSPage.h */ = {isa = PBXFileReference; fileEncoding = 4; lastKnownFileType = sourcecode.c.h; path = SSPage.h; sourceTree = "<group>"; };
		2A7EE6861DE2F5CE00F89483 /* SSPage.m */ = {isa = PBXFileReference; fileEncoding = 4; lastKnownFileType = sourcecode.c.objc; path = SSPage.m; sourceTree = "<group>"; };
		2A7EE6921DE2F69C00F89483 /* SSPageAware.h */ = {isa = PBXFileReference; fileEncoding = 4; lastKnownFileType = sourcecode.c.h; path = SSPageAware.h; sourceTree = "<group>"; };
		2A7EE6931DE2F69C00F89483 /* SSPageLifeCircle.h */ = {isa = PBXFileReference; fileEncoding = 4; lastKnownFileType = sourcecode.c.h; path = SSPageLifeCircle.h; sourceTree = "<group>"; };
		2A7EE6961DE2FC1700F89483 /* SSLog.h */ = {isa = PBXFileReference; fileEncoding = 4; lastKnownFileType = sourcecode.c.h; path = SSLog.h; sourceTree = "<group>"; };
		2A7EE6971DE2FC1700F89483 /* SSLog.m */ = {isa = PBXFileReference; fileEncoding = 4; lastKnownFileType = sourcecode.c.objc; path = SSLog.m; sourceTree = "<group>"; };
/* End PBXFileReference section */

/* Begin PBXFrameworksBuildPhase section */
		2A3F21281DE2D4E500C07740 /* Frameworks */ = {
			isa = PBXFrameworksBuildPhase;
			buildActionMask = 2147483647;
			files = (
			);
			runOnlyForDeploymentPostprocessing = 0;
		};
		2A3F21321DE2D4E500C07740 /* Frameworks */ = {
			isa = PBXFrameworksBuildPhase;
			buildActionMask = 2147483647;
			files = (
				2A3F21361DE2D4E500C07740 /* SSNavigator.framework in Frameworks */,
			);
			runOnlyForDeploymentPostprocessing = 0;
		};
/* End PBXFrameworksBuildPhase section */

/* Begin PBXGroup section */
		2A3F21221DE2D4E500C07740 = {
			isa = PBXGroup;
			children = (
				2A3F212E1DE2D4E500C07740 /* SSNavigator */,
				2A3F21391DE2D4E500C07740 /* SSNavigatorTests */,
				2A3F212D1DE2D4E500C07740 /* Products */,
			);
			sourceTree = "<group>";
		};
		2A3F212D1DE2D4E500C07740 /* Products */ = {
			isa = PBXGroup;
			children = (
				2A3F212C1DE2D4E500C07740 /* SSNavigator.framework */,
				2A3F21351DE2D4E500C07740 /* SSNavigatorTests.xctest */,
			);
			name = Products;
			sourceTree = "<group>";
		};
		2A3F212E1DE2D4E500C07740 /* SSNavigator */ = {
			isa = PBXGroup;
			children = (
				2A7EE6821DE2F5CE00F89483 /* Class */,
				2A3F21461DE2D7C800C07740 /* Category */,
				2A3F21481DE2D7C800C07740 /* Util */,
				2A3F212F1DE2D4E500C07740 /* SSNavigator.h */,
				2A3F21301DE2D4E500C07740 /* Info.plist */,
			);
			path = SSNavigator;
			sourceTree = "<group>";
		};
		2A3F21391DE2D4E500C07740 /* SSNavigatorTests */ = {
			isa = PBXGroup;
			children = (
				2A3F213A1DE2D4E500C07740 /* SSNavigatorTests.m */,
				2A3F213C1DE2D4E500C07740 /* Info.plist */,
			);
			path = SSNavigatorTests;
			sourceTree = "<group>";
		};
		2A3F21461DE2D7C800C07740 /* Category */ = {
			isa = PBXGroup;
			children = (
				2A7EE6701DE2E8BB00F89483 /* NSString */,
			);
			path = Category;
			sourceTree = "<group>";
		};
		2A3F21481DE2D7C800C07740 /* Util */ = {
			isa = PBXGroup;
			children = (
				2A3F21491DE2D8BB00C07740 /* SSUrlCoder.h */,
				2A3F214A1DE2D8BB00C07740 /* SSUrlCoder.m */,
				2A7EE6961DE2FC1700F89483 /* SSLog.h */,
				2A7EE6971DE2FC1700F89483 /* SSLog.m */,
			);
			path = Util;
			sourceTree = "<group>";
		};
		2A7EE6701DE2E8BB00F89483 /* NSString */ = {
			isa = PBXGroup;
			children = (
				2A7EE6711DE2E8BB00F89483 /* NSString+SSUrlCoder.h */,
				2A7EE6721DE2E8BB00F89483 /* NSString+SSUrlCoder.m */,
				2A7EE6751DE2E8D700F89483 /* NSString+SSUtil.h */,
				2A7EE6761DE2E8D700F89483 /* NSString+SSUtil.m */,
			);
			path = NSString;
			sourceTree = "<group>";
		};
		2A7EE6821DE2F5CE00F89483 /* Class */ = {
			isa = PBXGroup;
			children = (
				2A7EE68D1DE2F5E600F89483 /* Protocol */,
				2A7EE6831DE2F5CE00F89483 /* SSNavigator.h */,
				2A7EE6841DE2F5CE00F89483 /* SSNavigator.m */,
				2A7EE6851DE2F5CE00F89483 /* SSPage.h */,
				2A7EE6861DE2F5CE00F89483 /* SSPage.m */,
			);
			path = Class;
			sourceTree = "<group>";
		};
		2A7EE68D1DE2F5E600F89483 /* Protocol */ = {
			isa = PBXGroup;
			children = (
				2A7EE6921DE2F69C00F89483 /* SSPageAware.h */,
				2A7EE6931DE2F69C00F89483 /* SSPageLifeCircle.h */,
			);
			path = Protocol;
			sourceTree = "<group>";
		};
/* End PBXGroup section */

/* Begin PBXHeadersBuildPhase section */
		2A3F21291DE2D4E500C07740 /* Headers */ = {
			isa = PBXHeadersBuildPhase;
			buildActionMask = 2147483647;
			files = (
				2A7EE6981DE2FC1700F89483 /* SSLog.h in Headers */,
				2A3F214B1DE2D8BB00C07740 /* SSUrlCoder.h in Headers */,
				2A3F213D1DE2D4E500C07740 /* SSNavigator.h in Headers */,
				2A7EE6881DE2F5CE00F89483 /* SSNavigator.h in Headers */,
				2A7EE68A1DE2F5CE00F89483 /* SSPage.h in Headers */,
				2A7EE6941DE2F69C00F89483 /* SSPageAware.h in Headers */,
				2A7EE6951DE2F69C00F89483 /* SSPageLifeCircle.h in Headers */,
				2A7EE6771DE2E8D700F89483 /* NSString+SSUtil.h in Headers */,
				2A7EE6731DE2E8BB00F89483 /* NSString+SSUrlCoder.h in Headers */,
			);
			runOnlyForDeploymentPostprocessing = 0;
		};
/* End PBXHeadersBuildPhase section */

/* Begin PBXNativeTarget section */
		2A3F212B1DE2D4E500C07740 /* SSNavigator */ = {
			isa = PBXNativeTarget;
			buildConfigurationList = 2A3F21401DE2D4E500C07740 /* Build configuration list for PBXNativeTarget "SSNavigator" */;
			buildPhases = (
				2A3F21271DE2D4E500C07740 /* Sources */,
				2A3F21281DE2D4E500C07740 /* Frameworks */,
				2A3F21291DE2D4E500C07740 /* Headers */,
				2A3F212A1DE2D4E500C07740 /* Resources */,
			);
			buildRules = (
			);
			dependencies = (
			);
			name = SSNavigator;
			productName = SSNavigator;
			productReference = 2A3F212C1DE2D4E500C07740 /* SSNavigator.framework */;
			productType = "com.apple.product-type.framework";
		};
		2A3F21341DE2D4E500C07740 /* SSNavigatorTests */ = {
			isa = PBXNativeTarget;
			buildConfigurationList = 2A3F21431DE2D4E500C07740 /* Build configuration list for PBXNativeTarget "SSNavigatorTests" */;
			buildPhases = (
				2A3F21311DE2D4E500C07740 /* Sources */,
				2A3F21321DE2D4E500C07740 /* Frameworks */,
				2A3F21331DE2D4E500C07740 /* Resources */,
			);
			buildRules = (
			);
			dependencies = (
				2A3F21381DE2D4E500C07740 /* PBXTargetDependency */,
			);
			name = SSNavigatorTests;
			productName = SSNavigatorTests;
			productReference = 2A3F21351DE2D4E500C07740 /* SSNavigatorTests.xctest */;
			productType = "com.apple.product-type.bundle.unit-test";
		};
/* End PBXNativeTarget section */

/* Begin PBXProject section */
		2A3F21231DE2D4E500C07740 /* Project object */ = {
			isa = PBXProject;
			attributes = {
				LastUpgradeCheck = 0810;
				ORGANIZATIONNAME = "Shawn Du";
				TargetAttributes = {
					2A3F212B1DE2D4E500C07740 = {
						CreatedOnToolsVersion = 8.1;
						DevelopmentTeam = A9VAJDN54X;
						ProvisioningStyle = Automatic;
					};
					2A3F21341DE2D4E500C07740 = {
						CreatedOnToolsVersion = 8.1;
						DevelopmentTeam = A9VAJDN54X;
						ProvisioningStyle = Automatic;
					};
				};
			};
			buildConfigurationList = 2A3F21261DE2D4E500C07740 /* Build configuration list for PBXProject "SSNavigator" */;
			compatibilityVersion = "Xcode 3.2";
			developmentRegion = English;
			hasScannedForEncodings = 0;
			knownRegions = (
				en,
			);
			mainGroup = 2A3F21221DE2D4E500C07740;
			productRefGroup = 2A3F212D1DE2D4E500C07740 /* Products */;
			projectDirPath = "";
			projectRoot = "";
			targets = (
				2A3F212B1DE2D4E500C07740 /* SSNavigator */,
				2A3F21341DE2D4E500C07740 /* SSNavigatorTests */,
			);
		};
/* End PBXProject section */

/* Begin PBXResourcesBuildPhase section */
		2A3F212A1DE2D4E500C07740 /* Resources */ = {
			isa = PBXResourcesBuildPhase;
			buildActionMask = 2147483647;
			files = (
			);
			runOnlyForDeploymentPostprocessing = 0;
		};
		2A3F21331DE2D4E500C07740 /* Resources */ = {
			isa = PBXResourcesBuildPhase;
			buildActionMask = 2147483647;
			files = (
			);
			runOnlyForDeploymentPostprocessing = 0;
		};
/* End PBXResourcesBuildPhase section */

/* Begin PBXSourcesBuildPhase section */
		2A3F21271DE2D4E500C07740 /* Sources */ = {
			isa = PBXSourcesBuildPhase;
			buildActionMask = 2147483647;
			files = (
				2A7EE6991DE2FC1700F89483 /* SSLog.m in Sources */,
				2A7EE6781DE2E8D700F89483 /* NSString+SSUtil.m in Sources */,
				2A7EE6891DE2F5CE00F89483 /* SSNavigator.m in Sources */,
				2A7EE68B1DE2F5CF00F89483 /* SSPage.m in Sources */,
				2A3F214C1DE2D8BB00C07740 /* SSUrlCoder.m in Sources */,
				2A7EE6741DE2E8BB00F89483 /* NSString+SSUrlCoder.m in Sources */,
			);
			runOnlyForDeploymentPostprocessing = 0;
		};
		2A3F21311DE2D4E500C07740 /* Sources */ = {
			isa = PBXSourcesBuildPhase;
			buildActionMask = 2147483647;
			files = (
				2A3F213B1DE2D4E500C07740 /* SSNavigatorTests.m in Sources */,
			);
			runOnlyForDeploymentPostprocessing = 0;
		};
/* End PBXSourcesBuildPhase section */

/* Begin PBXTargetDependency section */
		2A3F21381DE2D4E500C07740 /* PBXTargetDependency */ = {
			isa = PBXTargetDependency;
			target = 2A3F212B1DE2D4E500C07740 /* SSNavigator */;
			targetProxy = 2A3F21371DE2D4E500C07740 /* PBXContainerItemProxy */;
		};
/* End PBXTargetDependency section */

/* Begin XCBuildConfiguration section */
		2A3F213E1DE2D4E500C07740 /* Debug */ = {
			isa = XCBuildConfiguration;
			buildSettings = {
				ALWAYS_SEARCH_USER_PATHS = NO;
				CLANG_ANALYZER_NONNULL = YES;
				CLANG_CXX_LANGUAGE_STANDARD = "gnu++0x";
				CLANG_CXX_LIBRARY = "libc++";
				CLANG_ENABLE_MODULES = YES;
				CLANG_ENABLE_OBJC_ARC = YES;
				CLANG_WARN_BOOL_CONVERSION = YES;
				CLANG_WARN_CONSTANT_CONVERSION = YES;
				CLANG_WARN_DIRECT_OBJC_ISA_USAGE = YES_ERROR;
				CLANG_WARN_DOCUMENTATION_COMMENTS = YES;
				CLANG_WARN_EMPTY_BODY = YES;
				CLANG_WARN_ENUM_CONVERSION = YES;
				CLANG_WARN_INFINITE_RECURSION = YES;
				CLANG_WARN_INT_CONVERSION = YES;
				CLANG_WARN_OBJC_ROOT_CLASS = YES_ERROR;
				CLANG_WARN_SUSPICIOUS_MOVES = YES;
				CLANG_WARN_UNREACHABLE_CODE = YES;
				CLANG_WARN__DUPLICATE_METHOD_MATCH = YES;
				"CODE_SIGN_IDENTITY[sdk=iphoneos*]" = "iPhone Developer";
				COPY_PHASE_STRIP = NO;
				CURRENT_PROJECT_VERSION = 1;
				DEBUG_INFORMATION_FORMAT = dwarf;
				ENABLE_STRICT_OBJC_MSGSEND = YES;
				ENABLE_TESTABILITY = YES;
				GCC_C_LANGUAGE_STANDARD = gnu99;
				GCC_DYNAMIC_NO_PIC = NO;
				GCC_NO_COMMON_BLOCKS = YES;
				GCC_OPTIMIZATION_LEVEL = 0;
				GCC_PREPROCESSOR_DEFINITIONS = (
					"DEBUG=1",
					"$(inherited)",
				);
				GCC_WARN_64_TO_32_BIT_CONVERSION = YES;
				GCC_WARN_ABOUT_RETURN_TYPE = YES_ERROR;
				GCC_WARN_UNDECLARED_SELECTOR = YES;
				GCC_WARN_UNINITIALIZED_AUTOS = YES_AGGRESSIVE;
				GCC_WARN_UNUSED_FUNCTION = YES;
				GCC_WARN_UNUSED_VARIABLE = YES;
				IPHONEOS_DEPLOYMENT_TARGET = 10.1;
				MTL_ENABLE_DEBUG_INFO = YES;
				ONLY_ACTIVE_ARCH = YES;
				SDKROOT = iphoneos;
				TARGETED_DEVICE_FAMILY = "1,2";
				VERSIONING_SYSTEM = "apple-generic";
				VERSION_INFO_PREFIX = "";
			};
			name = Debug;
		};
		2A3F213F1DE2D4E500C07740 /* Release */ = {
			isa = XCBuildConfiguration;
			buildSettings = {
				ALWAYS_SEARCH_USER_PATHS = NO;
				CLANG_ANALYZER_NONNULL = YES;
				CLANG_CXX_LANGUAGE_STANDARD = "gnu++0x";
				CLANG_CXX_LIBRARY = "libc++";
				CLANG_ENABLE_MODULES = YES;
				CLANG_ENABLE_OBJC_ARC = YES;
				CLANG_WARN_BOOL_CONVERSION = YES;
				CLANG_WARN_CONSTANT_CONVERSION = YES;
				CLANG_WARN_DIRECT_OBJC_ISA_USAGE = YES_ERROR;
				CLANG_WARN_DOCUMENTATION_COMMENTS = YES;
				CLANG_WARN_EMPTY_BODY = YES;
				CLANG_WARN_ENUM_CONVERSION = YES;
				CLANG_WARN_INFINITE_RECURSION = YES;
				CLANG_WARN_INT_CONVERSION = YES;
				CLANG_WARN_OBJC_ROOT_CLASS = YES_ERROR;
				CLANG_WARN_SUSPICIOUS_MOVES = YES;
				CLANG_WARN_UNREACHABLE_CODE = YES;
				CLANG_WARN__DUPLICATE_METHOD_MATCH = YES;
				"CODE_SIGN_IDENTITY[sdk=iphoneos*]" = "iPhone Developer";
				COPY_PHASE_STRIP = NO;
				CURRENT_PROJECT_VERSION = 1;
				DEBUG_INFORMATION_FORMAT = "dwarf-with-dsym";
				ENABLE_NS_ASSERTIONS = NO;
				ENABLE_STRICT_OBJC_MSGSEND = YES;
				GCC_C_LANGUAGE_STANDARD = gnu99;
				GCC_NO_COMMON_BLOCKS = YES;
				GCC_WARN_64_TO_32_BIT_CONVERSION = YES;
				GCC_WARN_ABOUT_RETURN_TYPE = YES_ERROR;
				GCC_WARN_UNDECLARED_SELECTOR = YES;
				GCC_WARN_UNINITIALIZED_AUTOS = YES_AGGRESSIVE;
				GCC_WARN_UNUSED_FUNCTION = YES;
				GCC_WARN_UNUSED_VARIABLE = YES;
				IPHONEOS_DEPLOYMENT_TARGET = 10.1;
				MTL_ENABLE_DEBUG_INFO = NO;
				SDKROOT = iphoneos;
				TARGETED_DEVICE_FAMILY = "1,2";
				VALIDATE_PRODUCT = YES;
				VERSIONING_SYSTEM = "apple-generic";
				VERSION_INFO_PREFIX = "";
			};
			name = Release;
		};
		2A3F21411DE2D4E500C07740 /* Debug */ = {
			isa = XCBuildConfiguration;
			buildSettings = {
				CODE_SIGN_IDENTITY = "";
				DEFINES_MODULE = YES;
				DEVELOPMENT_TEAM = A9VAJDN54X;
				DYLIB_COMPATIBILITY_VERSION = 1;
				DYLIB_CURRENT_VERSION = 1;
				DYLIB_INSTALL_NAME_BASE = "@rpath";
				INFOPLIST_FILE = SSNavigator/Info.plist;
				INSTALL_PATH = "$(LOCAL_LIBRARY_DIR)/Frameworks";
				IPHONEOS_DEPLOYMENT_TARGET = 8.0;
				LD_RUNPATH_SEARCH_PATHS = "$(inherited) @executable_path/Frameworks @loader_path/Frameworks";
				PRODUCT_BUNDLE_IDENTIFIER = SH.SSNavigator;
				PRODUCT_NAME = "$(TARGET_NAME)";
				SKIP_INSTALL = YES;
				TARGETED_DEVICE_FAMILY = 1;
			};
			name = Debug;
		};
		2A3F21421DE2D4E500C07740 /* Release */ = {
			isa = XCBuildConfiguration;
			buildSettings = {
				CODE_SIGN_IDENTITY = "";
				DEFINES_MODULE = YES;
				DEVELOPMENT_TEAM = A9VAJDN54X;
				DYLIB_COMPATIBILITY_VERSION = 1;
				DYLIB_CURRENT_VERSION = 1;
				DYLIB_INSTALL_NAME_BASE = "@rpath";
				INFOPLIST_FILE = SSNavigator/Info.plist;
				INSTALL_PATH = "$(LOCAL_LIBRARY_DIR)/Frameworks";
				IPHONEOS_DEPLOYMENT_TARGET = 8.0;
				LD_RUNPATH_SEARCH_PATHS = "$(inherited) @executable_path/Frameworks @loader_path/Frameworks";
				PRODUCT_BUNDLE_IDENTIFIER = SH.SSNavigator;
				PRODUCT_NAME = "$(TARGET_NAME)";
				SKIP_INSTALL = YES;
				TARGETED_DEVICE_FAMILY = 1;
			};
			name = Release;
		};
		2A3F21441DE2D4E500C07740 /* Debug */ = {
			isa = XCBuildConfiguration;
			buildSettings = {
				DEVELOPMENT_TEAM = A9VAJDN54X;
				INFOPLIST_FILE = SSNavigatorTests/Info.plist;
				LD_RUNPATH_SEARCH_PATHS = "$(inherited) @executable_path/Frameworks @loader_path/Frameworks";
				PRODUCT_BUNDLE_IDENTIFIER = SH.SSNavigatorTests;
				PRODUCT_NAME = "$(TARGET_NAME)";
			};
			name = Debug;
		};
		2A3F21451DE2D4E500C07740 /* Release */ = {
			isa = XCBuildConfiguration;
			buildSettings = {
				DEVELOPMENT_TEAM = A9VAJDN54X;
				INFOPLIST_FILE = SSNavigatorTests/Info.plist;
				LD_RUNPATH_SEARCH_PATHS = "$(inherited) @executable_path/Frameworks @loader_path/Frameworks";
				PRODUCT_BUNDLE_IDENTIFIER = SH.SSNavigatorTests;
				PRODUCT_NAME = "$(TARGET_NAME)";
			};
			name = Release;
		};
/* End XCBuildConfiguration section */

/* Begin XCConfigurationList section */
		2A3F21261DE2D4E500C07740 /* Build configuration list for PBXProject "SSNavigator" */ = {
			isa = XCConfigurationList;
			buildConfigurations = (
				2A3F213E1DE2D4E500C07740 /* Debug */,
				2A3F213F1DE2D4E500C07740 /* Release */,
			);
			defaultConfigurationIsVisible = 0;
			defaultConfigurationName = Release;
		};
		2A3F21401DE2D4E500C07740 /* Build configuration list for PBXNativeTarget "SSNavigator" */ = {
			isa = XCConfigurationList;
			buildConfigurations = (
				2A3F21411DE2D4E500C07740 /* Debug */,
				2A3F21421DE2D4E500C07740 /* Release */,
			);
			defaultConfigurationIsVisible = 0;
			defaultConfigurationName = Release;
		};
		2A3F21431DE2D4E500C07740 /* Build configuration list for PBXNativeTarget "SSNavigatorTests" */ = {
			isa = XCConfigurationList;
			buildConfigurations = (
				2A3F21441DE2D4E500C07740 /* Debug */,
				2A3F21451DE2D4E500C07740 /* Release */,
			);
			defaultConfigurationIsVisible = 0;
			defaultConfigurationName = Release;
		};
/* End XCConfigurationList section */
	};
	rootObject = 2A3F21231DE2D4E500C07740 /* Project object */;
}
